// !$*UTF8*$!
{
	archiveVersion = 1;
	classes = {
	};
	objectVersion = 56;
	objects = {

/* Begin PBXBuildFile section */
		4389AE5C29C7927B00BF49BF /* AppDelegate.swift in Sources */ = {isa = PBXBuildFile; fileRef = 4389AE5B29C7927B00BF49BF /* AppDelegate.swift */; };
		4389AE5E29C7927B00BF49BF /* SceneDelegate.swift in Sources */ = {isa = PBXBuildFile; fileRef = 4389AE5D29C7927B00BF49BF /* SceneDelegate.swift */; };
		4389AE6029C7927B00BF49BF /* ViewController.swift in Sources */ = {isa = PBXBuildFile; fileRef = 4389AE5F29C7927B00BF49BF /* ViewController.swift */; };
		4389AE6329C7927B00BF49BF /* Main.storyboard in Resources */ = {isa = PBXBuildFile; fileRef = 4389AE6129C7927B00BF49BF /* Main.storyboard */; };
		4389AE6529C7927D00BF49BF /* Assets.xcassets in Resources */ = {isa = PBXBuildFile; fileRef = 4389AE6429C7927D00BF49BF /* Assets.xcassets */; };
		4389AE6829C7927D00BF49BF /* LaunchScreen.storyboard in Resources */ = {isa = PBXBuildFile; fileRef = 4389AE6629C7927D00BF49BF /* LaunchScreen.storyboard */; };
		4389AE7129C7937D00BF49BF /* Weather.swift in Sources */ = {isa = PBXBuildFile; fileRef = 4389AE7029C7937D00BF49BF /* Weather.swift */; };
		4389AE7429C7961D00BF49BF /* Webservice.swift in Sources */ = {isa = PBXBuildFile; fileRef = 4389AE7329C7961D00BF49BF /* Webservice.swift */; };
		4389AE7729C7963A00BF49BF /* Constants.swift in Sources */ = {isa = PBXBuildFile; fileRef = 4389AE7629C7963A00BF49BF /* Constants.swift */; };
/* End PBXBuildFile section */

/* Begin PBXFileReference section */
		4389AE5829C7927B00BF49BF /* CombineWeatherApp.app */ = {isa = PBXFileReference; explicitFileType = wrapper.application; includeInIndex = 0; path = CombineWeatherApp.app; sourceTree = BUILT_PRODUCTS_DIR; };
		4389AE5B29C7927B00BF49BF /* AppDelegate.swift */ = {isa = PBXFileReference; lastKnownFileType = sourcecode.swift; path = AppDelegate.swift; sourceTree = "<group>"; };
		4389AE5D29C7927B00BF49BF /* SceneDelegate.swift */ = {isa = PBXFileReference; lastKnownFileType = sourcecode.swift; path = SceneDelegate.swift; sourceTree = "<group>"; };
		4389AE5F29C7927B00BF49BF /* ViewController.swift */ = {isa = PBXFileReference; lastKnownFileType = sourcecode.swift; path = ViewController.swift; sourceTree = "<group>"; };
		4389AE6229C7927B00BF49BF /* Base */ = {isa = PBXFileReference; lastKnownFileType = file.storyboard; name = Base; path = Base.lproj/Main.storyboard; sourceTree = "<group>"; };
		4389AE6429C7927D00BF49BF /* Assets.xcassets */ = {isa = PBXFileReference; lastKnownFileType = folder.assetcatalog; path = Assets.xcassets; sourceTree = "<group>"; };
		4389AE6729C7927D00BF49BF /* Base */ = {isa = PBXFileReference; lastKnownFileType = file.storyboard; name = Base; path = Base.lproj/LaunchScreen.storyboard; sourceTree = "<group>"; };
		4389AE6929C7927D00BF49BF /* Info.plist */ = {isa = PBXFileReference; lastKnownFileType = text.plist.xml; path = Info.plist; sourceTree = "<group>"; };
		4389AE7029C7937D00BF49BF /* Weather.swift */ = {isa = PBXFileReference; lastKnownFileType = sourcecode.swift; path = Weather.swift; sourceTree = "<group>"; };
		4389AE7329C7961D00BF49BF /* Webservice.swift */ = {isa = PBXFileReference; lastKnownFileType = sourcecode.swift; path = Webservice.swift; sourceTree = "<group>"; };
		4389AE7629C7963A00BF49BF /* Constants.swift */ = {isa = PBXFileReference; lastKnownFileType = sourcecode.swift; path = Constants.swift; sourceTree = "<group>"; };
/* End PBXFileReference section */

/* Begin PBXFrameworksBuildPhase section */
		4389AE5529C7927B00BF49BF /* Frameworks */ = {
			isa = PBXFrameworksBuildPhase;
			buildActionMask = 2147483647;
			files = (
			);
			runOnlyForDeploymentPostprocessing = 0;
		};
/* End PBXFrameworksBuildPhase section */

/* Begin PBXGroup section */
		4389AE4F29C7927B00BF49BF = {
			isa = PBXGroup;
			children = (
				4389AE5A29C7927B00BF49BF /* CombineWeatherApp */,
				4389AE5929C7927B00BF49BF /* Products */,
			);
			sourceTree = "<group>";
		};
		4389AE5929C7927B00BF49BF /* Products */ = {
			isa = PBXGroup;
			children = (
				4389AE5829C7927B00BF49BF /* CombineWeatherApp.app */,
			);
			name = Products;
			sourceTree = "<group>";
		};
		4389AE5A29C7927B00BF49BF /* CombineWeatherApp */ = {
			isa = PBXGroup;
			children = (
				4389AE7529C7963200BF49BF /* Utils */,
				4389AE7229C7961300BF49BF /* Services */,
				4389AE6F29C7936F00BF49BF /* Models */,
				4389AE5B29C7927B00BF49BF /* AppDelegate.swift */,
				4389AE5D29C7927B00BF49BF /* SceneDelegate.swift */,
				4389AE5F29C7927B00BF49BF /* ViewController.swift */,
				4389AE6129C7927B00BF49BF /* Main.storyboard */,
				4389AE6429C7927D00BF49BF /* Assets.xcassets */,
				4389AE6629C7927D00BF49BF /* LaunchScreen.storyboard */,
				4389AE6929C7927D00BF49BF /* Info.plist */,
			);
			path = CombineWeatherApp;
			sourceTree = "<group>";
		};
		4389AE6F29C7936F00BF49BF /* Models */ = {
			isa = PBXGroup;
			children = (
				4389AE7029C7937D00BF49BF /* Weather.swift */,
			);
			path = Models;
			sourceTree = "<group>";
		};
		4389AE7229C7961300BF49BF /* Services */ = {
			isa = PBXGroup;
			children = (
				4389AE7329C7961D00BF49BF /* Webservice.swift */,
			);
			path = Services;
			sourceTree = "<group>";
		};
		4389AE7529C7963200BF49BF /* Utils */ = {
			isa = PBXGroup;
			children = (
				4389AE7629C7963A00BF49BF /* Constants.swift */,
			);
			path = Utils;
			sourceTree = "<group>";
		};
/* End PBXGroup section */

/* Begin PBXNativeTarget section */
		4389AE5729C7927B00BF49BF /* CombineWeatherApp */ = {
			isa = PBXNativeTarget;
			buildConfigurationList = 4389AE6C29C7927D00BF49BF /* Build configuration list for PBXNativeTarget "CombineWeatherApp" */;
			buildPhases = (
				4389AE5429C7927B00BF49BF /* Sources */,
				4389AE5529C7927B00BF49BF /* Frameworks */,
				4389AE5629C7927B00BF49BF /* Resources */,
			);
			buildRules = (
			);
			dependencies = (
			);
			name = CombineWeatherApp;
			productName = CombineWeatherApp;
			productReference = 4389AE5829C7927B00BF49BF /* CombineWeatherApp.app */;
			productType = "com.apple.product-type.application";
		};
/* End PBXNativeTarget section */

/* Begin PBXProject section */
		4389AE5029C7927B00BF49BF /* Project object */ = {
			isa = PBXProject;
			attributes = {
				BuildIndependentTargetsInParallel = 1;
				LastSwiftUpdateCheck = 1420;
				LastUpgradeCheck = 1420;
				TargetAttributes = {
					4389AE5729C7927B00BF49BF = {
						CreatedOnToolsVersion = 14.2;
					};
				};
			};
			buildConfigurationList = 4389AE5329C7927B00BF49BF /* Build configuration list for PBXProject "CombineWeatherApp" */;
			compatibilityVersion = "Xcode 14.0";
			developmentRegion = en;
			hasScannedForEncodings = 0;
			knownRegions = (
				en,
				Base,
			);
			mainGroup = 4389AE4F29C7927B00BF49BF;
			productRefGroup = 4389AE5929C7927B00BF49BF /* Products */;
			projectDirPath = "";
			projectRoot = "";
			targets = (
				4389AE5729C7927B00BF49BF /* CombineWeatherApp */,
			);
		};
/* End PBXProject section */

/* Begin PBXResourcesBuildPhase section */
		4389AE5629C7927B00BF49BF /* Resources */ = {
			isa = PBXResourcesBuildPhase;
			buildActionMask = 2147483647;
			files = (
				4389AE6829C7927D00BF49BF /* LaunchScreen.storyboard in Resources */,
				4389AE6529C7927D00BF49BF /* Assets.xcassets in Resources */,
				4389AE6329C7927B00BF49BF /* Main.storyboard in Resources */,
			);
			runOnlyForDeploymentPostprocessing = 0;
		};
/* End PBXResourcesBuildPhase section */

/* Begin PBXSourcesBuildPhase section */
		4389AE5429C7927B00BF49BF /* Sources */ = {
			isa = PBXSourcesBuildPhase;
			buildActionMask = 2147483647;
			files = (
				4389AE7129C7937D00BF49BF /* Weather.swift in Sources */,
				4389AE6029C7927B00BF49BF /* ViewController.swift in Sources */,
				4389AE5C29C7927B00BF49BF /* AppDelegate.swift in Sources */,
				4389AE7429C7961D00BF49BF /* Webservice.swift in Sources */,
				4389AE5E29C7927B00BF49BF /* SceneDelegate.swift in Sources */,
				4389AE7729C7963A00BF49BF /* Constants.swift in Sources */,
			);
			runOnlyForDeploymentPostprocessing = 0;
		};
/* End PBXSourcesBuildPhase section */

/* Begin PBXVariantGroup section */
		4389AE6129C7927B00BF49BF /* Main.storyboard */ = {
			isa = PBXVariantGroup;
			children = (
				4389AE6229C7927B00BF49BF /* Base */,
			);
			name = Main.storyboard;
			sourceTree = "<group>";
		};
		4389AE6629C7927D00BF49BF /* LaunchScreen.storyboard */ = {
			isa = PBXVariantGroup;
			children = (
				4389AE6729C7927D00BF49BF /* Base */,
			);
			name = LaunchScreen.storyboard;
			sourceTree = "<group>";
		};
/* End PBXVariantGroup section */

/* Begin XCBuildConfiguration section */
		4389AE6A29C7927D00BF49BF /* Debug */ = {
			isa = XCBuildConfiguration;
			buildSettings = {
				ALWAYS_SEARCH_USER_PATHS = NO;
				CLANG_ANALYZER_NONNULL = YES;
				CLANG_ANALYZER_NUMBER_OBJECT_CONVERSION = YES_AGGRESSIVE;
				CLANG_CXX_LANGUAGE_STANDARD = "gnu++20";
				CLANG_ENABLE_MODULES = YES;
				CLANG_ENABLE_OBJC_ARC = YES;
				CLANG_ENABLE_OBJC_WEAK = YES;
				CLANG_WARN_BLOCK_CAPTURE_AUTORELEASING = YES;
				CLANG_WARN_BOOL_CONVERSION = YES;
				CLANG_WARN_COMMA = YES;
				CLANG_WARN_CONSTANT_CONVERSION = YES;
				CLANG_WARN_DEPRECATED_OBJC_IMPLEMENTATIONS = YES;
				CLANG_WARN_DIRECT_OBJC_ISA_USAGE = YES_ERROR;
				CLANG_WARN_DOCUMENTATION_COMMENTS = YES;
				CLANG_WARN_EMPTY_BODY = YES;
				CLANG_WARN_ENUM_CONVERSION = YES;
				CLANG_WARN_INFINITE_RECURSION = YES;
				CLANG_WARN_INT_CONVERSION = YES;
				CLANG_WARN_NON_LITERAL_NULL_CONVERSION = YES;
				CLANG_WARN_OBJC_IMPLICIT_RETAIN_SELF = YES;
				CLANG_WARN_OBJC_LITERAL_CONVERSION = YES;
				CLANG_WARN_OBJC_ROOT_CLASS = YES_ERROR;
				CLANG_WARN_QUOTED_INCLUDE_IN_FRAMEWORK_HEADER = YES;
				CLANG_WARN_RANGE_LOOP_ANALYSIS = YES;
				CLANG_WARN_STRICT_PROTOTYPES = YES;
				CLANG_WARN_SUSPICIOUS_MOVE = YES;
				CLANG_WARN_UNGUARDED_AVAILABILITY = YES_AGGRESSIVE;
				CLANG_WARN_UNREACHABLE_CODE = YES;
				CLANG_WARN__DUPLICATE_METHOD_MATCH = YES;
				COPY_PHASE_STRIP = NO;
				DEBUG_INFORMATION_FORMAT = dwarf;
				ENABLE_STRICT_OBJC_MSGSEND = YES;
				ENABLE_TESTABILITY = YES;
				GCC_C_LANGUAGE_STANDARD = gnu11;
				GCC_DYNAMIC_NO_PIC = NO;
				GCC_NO_COMMON_BLOCKS = YES;
				GCC_OPTIMIZATION_LEVEL = 0;
				GCC_PREPROCESSOR_DEFINITIONS = (
					"DEBUG=1",
					"$(inherited)",
				);
				GCC_WARN_64_TO_32_BIT_CONVERSION = YES;
				GCC_WARN_ABOUT_RETURN_TYPE = YES_ERROR;
				GCC_WARN_UNDECLARED_SELECTOR = YES;
				GCC_WARN_UNINITIALIZED_AUTOS = YES_AGGRESSIVE;
				GCC_WARN_UNUSED_FUNCTION = YES;
				GCC_WARN_UNUSED_VARIABLE = YES;
				IPHONEOS_DEPLOYMENT_TARGET = 16.2;
				MTL_ENABLE_DEBUG_INFO = INCLUDE_SOURCE;
				MTL_FAST_MATH = YES;
				ONLY_ACTIVE_ARCH = YES;
				SDKROOT = iphoneos;
				SWIFT_ACTIVE_COMPILATION_CONDITIONS = DEBUG;
				SWIFT_OPTIMIZATION_LEVEL = "-Onone";
			};
			name = Debug;
		};
		4389AE6B29C7927D00BF49BF /* Release */ = {
			isa = XCBuildConfiguration;
			buildSettings = {
				ALWAYS_SEARCH_USER_PATHS = NO;
				CLANG_ANALYZER_NONNULL = YES;
				CLANG_ANALYZER_NUMBER_OBJECT_CONVERSION = YES_AGGRESSIVE;
				CLANG_CXX_LANGUAGE_STANDARD = "gnu++20";
				CLANG_ENABLE_MODULES = YES;
				CLANG_ENABLE_OBJC_ARC = YES;
				CLANG_ENABLE_OBJC_WEAK = YES;
				CLANG_WARN_BLOCK_CAPTURE_AUTORELEASING = YES;
				CLANG_WARN_BOOL_CONVERSION = YES;
				CLANG_WARN_COMMA = YES;
				CLANG_WARN_CONSTANT_CONVERSION = YES;
				CLANG_WARN_DEPRECATED_OBJC_IMPLEMENTATIONS = YES;
				CLANG_WARN_DIRECT_OBJC_ISA_USAGE = YES_ERROR;
				CLANG_WARN_DOCUMENTATION_COMMENTS = YES;
				CLANG_WARN_EMPTY_BODY = YES;
				CLANG_WARN_ENUM_CONVERSION = YES;
				CLANG_WARN_INFINITE_RECURSION = YES;
				CLANG_WARN_INT_CONVERSION = YES;
				CLANG_WARN_NON_LITERAL_NULL_CONVERSION = YES;
				CLANG_WARN_OBJC_IMPLICIT_RETAIN_SELF = YES;
				CLANG_WARN_OBJC_LITERAL_CONVERSION = YES;
				CLANG_WARN_OBJC_ROOT_CLASS = YES_ERROR;
				CLANG_WARN_QUOTED_INCLUDE_IN_FRAMEWORK_HEADER = YES;
				CLANG_WARN_RANGE_LOOP_ANALYSIS = YES;
				CLANG_WARN_STRICT_PROTOTYPES = YES;
				CLANG_WARN_SUSPICIOUS_MOVE = YES;
				CLANG_WARN_UNGUARDED_AVAILABILITY = YES_AGGRESSIVE;
				CLANG_WARN_UNREACHABLE_CODE = YES;
				CLANG_WARN__DUPLICATE_METHOD_MATCH = YES;
				COPY_PHASE_STRIP = NO;
				DEBUG_INFORMATION_FORMAT = "dwarf-with-dsym";
				ENABLE_NS_ASSERTIONS = NO;
				ENABLE_STRICT_OBJC_MSGSEND = YES;
				GCC_C_LANGUAGE_STANDARD = gnu11;
				GCC_NO_COMMON_BLOCKS = YES;
				GCC_WARN_64_TO_32_BIT_CONVERSION = YES;
				GCC_WARN_ABOUT_RETURN_TYPE = YES_ERROR;
				GCC_WARN_UNDECLARED_SELECTOR = YES;
				GCC_WARN_UNINITIALIZED_AUTOS = YES_AGGRESSIVE;
				GCC_WARN_UNUSED_FUNCTION = YES;
				GCC_WARN_UNUSED_VARIABLE = YES;
				IPHONEOS_DEPLOYMENT_TARGET = 16.2;
				MTL_ENABLE_DEBUG_INFO = NO;
				MTL_FAST_MATH = YES;
				SDKROOT = iphoneos;
				SWIFT_COMPILATION_MODE = wholemodule;
				SWIFT_OPTIMIZATION_LEVEL = "-O";
				VALIDATE_PRODUCT = YES;
			};
			name = Release;
		};
		4389AE6D29C7927D00BF49BF /* Debug */ = {
			isa = XCBuildConfiguration;
			buildSettings = {
				ASSETCATALOG_COMPILER_APPICON_NAME = AppIcon;
				ASSETCATALOG_COMPILER_GLOBAL_ACCENT_COLOR_NAME = AccentColor;
				CODE_SIGN_STYLE = Automatic;
				CURRENT_PROJECT_VERSION = 1;
				DEVELOPMENT_TEAM = M3BG3A73NN;
				GENERATE_INFOPLIST_FILE = YES;
				INFOPLIST_FILE = CombineWeatherApp/Info.plist;
				INFOPLIST_KEY_UIApplicationSupportsIndirectInputEvents = YES;
				INFOPLIST_KEY_UILaunchStoryboardName = LaunchScreen;
				INFOPLIST_KEY_UIMainStoryboardFile = Main;
				INFOPLIST_KEY_UISupportedInterfaceOrientations_iPad = "UIInterfaceOrientationPortrait UIInterfaceOrientationPortraitUpsideDown UIInterfaceOrientationLandscapeLeft UIInterfaceOrientationLandscapeRight";
				INFOPLIST_KEY_UISupportedInterfaceOrientations_iPhone = "UIInterfaceOrientationPortrait UIInterfaceOrientationLandscapeLeft UIInterfaceOrientationLandscapeRight";
				LD_RUNPATH_SEARCH_PATHS = (
					"$(inherited)",
					"@executable_path/Frameworks",
				);
				MARKETING_VERSION = 1.0;
				PRODUCT_BUNDLE_IDENTIFIER = pae.CombineWeatherApp;
				PRODUCT_NAME = "$(TARGET_NAME)";
				SWIFT_EMIT_LOC_STRINGS = YES;
				SWIFT_VERSION = 5.0;
				TARGETED_DEVICE_FAMILY = "1,2";
			};
			name = Debug;
		};
		4389AE6E29C7927D00BF49BF /* Release */ = {
			isa = XCBuildConfiguration;
			buildSettings = {
				ASSETCATALOG_COMPILER_APPICON_NAME = AppIcon;
				ASSETCATALOG_COMPILER_GLOBAL_ACCENT_COLOR_NAME = AccentColor;
				CODE_SIGN_STYLE = Automatic;
				CURRENT_PROJECT_VERSION = 1;
				DEVELOPMENT_TEAM = M3BG3A73NN;
				GENERATE_INFOPLIST_FILE = YES;
				INFOPLIST_FILE = CombineWeatherApp/Info.plist;
				INFOPLIST_KEY_UIApplicationSupportsIndirectInputEvents = YES;
				INFOPLIST_KEY_UILaunchStoryboardName = LaunchScreen;
				INFOPLIST_KEY_UIMainStoryboardFile = Main;
				INFOPLIST_KEY_UISupportedInterfaceOrientations_iPad = "UIInterfaceOrientationPortrait UIInterfaceOrientationPortraitUpsideDown UIInterfaceOrientationLandscapeLeft UIInterfaceOrientationLandscapeRight";
				INFOPLIST_KEY_UISupportedInterfaceOrientations_iPhone = "UIInterfaceOrientationPortrait UIInterfaceOrientationLandscapeLeft UIInterfaceOrientationLandscapeRight";
				LD_RUNPATH_SEARCH_PATHS = (
					"$(inherited)",
					"@executable_path/Frameworks",
				);
				MARKETING_VERSION = 1.0;
				PRODUCT_BUNDLE_IDENTIFIER = pae.CombineWeatherApp;
				PRODUCT_NAME = "$(TARGET_NAME)";
				SWIFT_EMIT_LOC_STRINGS = YES;
				SWIFT_VERSION = 5.0;
				TARGETED_DEVICE_FAMILY = "1,2";
			};
			name = Release;
		};
/* End XCBuildConfiguration section */

/* Begin XCConfigurationList section */
		4389AE5329C7927B00BF49BF /* Build configuration list for PBXProject "CombineWeatherApp" */ = {
			isa = XCConfigurationList;
			buildConfigurations = (
				4389AE6A29C7927D00BF49BF /* Debug */,
				4389AE6B29C7927D00BF49BF /* Release */,
			);
			defaultConfigurationIsVisible = 0;
			defaultConfigurationName = Release;
		};
		4389AE6C29C7927D00BF49BF /* Build configuration list for PBXNativeTarget "CombineWeatherApp" */ = {
			isa = XCConfigurationList;
			buildConfigurations = (
				4389AE6D29C7927D00BF49BF /* Debug */,
				4389AE6E29C7927D00BF49BF /* Release */,
			);
			defaultConfigurationIsVisible = 0;
			defaultConfigurationName = Release;
		};
/* End XCConfigurationList section */
	};
	rootObject = 4389AE5029C7927B00BF49BF /* Project object */;
}
